// !$*UTF8*$!
{
	archiveVersion = 1;
	classes = {
	};
	objectVersion = 56;
	objects = {

/* Begin PBXBuildFile section */
		451956E029D47E1B008C0299 /* SettingsView.swift in Sources */ = {isa = PBXBuildFile; fileRef = 451956DF29D47E1B008C0299 /* SettingsView.swift */; };
		451956E229D4828D008C0299 /* SettingsLabelView.swift in Sources */ = {isa = PBXBuildFile; fileRef = 451956E129D4828D008C0299 /* SettingsLabelView.swift */; };
		451956E429D485E8008C0299 /* SettingsRowView.swift in Sources */ = {isa = PBXBuildFile; fileRef = 451956E329D485E8008C0299 /* SettingsRowView.swift */; };
		454E456229D42C1200BA450C /* FruitDetailView.swift in Sources */ = {isa = PBXBuildFile; fileRef = 454E456129D42C1200BA450C /* FruitDetailView.swift */; };
		454E456429D42E6400BA450C /* FruitHeaderView.swift in Sources */ = {isa = PBXBuildFile; fileRef = 454E456329D42E6400BA450C /* FruitHeaderView.swift */; };
		454E456629D434FD00BA450C /* SourceLinkView.swift in Sources */ = {isa = PBXBuildFile; fileRef = 454E456529D434FD00BA450C /* SourceLinkView.swift */; };
		454E456929D438DD00BA450C /* FruitNutritionView.swift in Sources */ = {isa = PBXBuildFile; fileRef = 454E456829D438DD00BA450C /* FruitNutritionView.swift */; };
		45C28AD529D36F8A00ADACA9 /* FruitsApp.swift in Sources */ = {isa = PBXBuildFile; fileRef = 45C28AD429D36F8A00ADACA9 /* FruitsApp.swift */; };
		45C28AD729D36F8A00ADACA9 /* ContentView.swift in Sources */ = {isa = PBXBuildFile; fileRef = 45C28AD629D36F8A00ADACA9 /* ContentView.swift */; };
		45C28AD929D36F8B00ADACA9 /* Assets.xcassets in Resources */ = {isa = PBXBuildFile; fileRef = 45C28AD829D36F8B00ADACA9 /* Assets.xcassets */; };
		45C28ADC29D36F8B00ADACA9 /* Preview Assets.xcassets in Resources */ = {isa = PBXBuildFile; fileRef = 45C28ADB29D36F8B00ADACA9 /* Preview Assets.xcassets */; };
		45C28AE429D376C000ADACA9 /* FruitCardView.swift in Sources */ = {isa = PBXBuildFile; fileRef = 45C28AE329D376C000ADACA9 /* FruitCardView.swift */; };
		45C28AE729D383D500ADACA9 /* StartButtonView.swift in Sources */ = {isa = PBXBuildFile; fileRef = 45C28AE629D383D500ADACA9 /* StartButtonView.swift */; };
		45C28AE929D388D800ADACA9 /* OnBoardingView.swift in Sources */ = {isa = PBXBuildFile; fileRef = 45C28AE829D388D800ADACA9 /* OnBoardingView.swift */; };
		45C28AEC29D38B1600ADACA9 /* FruitData.swift in Sources */ = {isa = PBXBuildFile; fileRef = 45C28AEB29D38B1600ADACA9 /* FruitData.swift */; };
		45C28AEF29D38BEE00ADACA9 /* FruitModel.swift in Sources */ = {isa = PBXBuildFile; fileRef = 45C28AEE29D38BEE00ADACA9 /* FruitModel.swift */; };
		45C28AF129D3941E00ADACA9 /* FruitRowView.swift in Sources */ = {isa = PBXBuildFile; fileRef = 45C28AF029D3941E00ADACA9 /* FruitRowView.swift */; };
/* End PBXBuildFile section */

/* Begin PBXFileReference section */
		451956DF29D47E1B008C0299 /* SettingsView.swift */ = {isa = PBXFileReference; lastKnownFileType = sourcecode.swift; path = SettingsView.swift; sourceTree = "<group>"; };
		451956E129D4828D008C0299 /* SettingsLabelView.swift */ = {isa = PBXFileReference; lastKnownFileType = sourcecode.swift; path = SettingsLabelView.swift; sourceTree = "<group>"; };
		451956E329D485E8008C0299 /* SettingsRowView.swift */ = {isa = PBXFileReference; lastKnownFileType = sourcecode.swift; path = SettingsRowView.swift; sourceTree = "<group>"; };
		454E456129D42C1200BA450C /* FruitDetailView.swift */ = {isa = PBXFileReference; lastKnownFileType = sourcecode.swift; path = FruitDetailView.swift; sourceTree = "<group>"; };
		454E456329D42E6400BA450C /* FruitHeaderView.swift */ = {isa = PBXFileReference; lastKnownFileType = sourcecode.swift; path = FruitHeaderView.swift; sourceTree = "<group>"; };
		454E456529D434FD00BA450C /* SourceLinkView.swift */ = {isa = PBXFileReference; lastKnownFileType = sourcecode.swift; path = SourceLinkView.swift; sourceTree = "<group>"; };
		454E456829D438DD00BA450C /* FruitNutritionView.swift */ = {isa = PBXFileReference; lastKnownFileType = sourcecode.swift; path = FruitNutritionView.swift; sourceTree = "<group>"; };
		45C28AD129D36F8A00ADACA9 /* Fruits.app */ = {isa = PBXFileReference; explicitFileType = wrapper.application; includeInIndex = 0; path = Fruits.app; sourceTree = BUILT_PRODUCTS_DIR; };
		45C28AD429D36F8A00ADACA9 /* FruitsApp.swift */ = {isa = PBXFileReference; lastKnownFileType = sourcecode.swift; path = FruitsApp.swift; sourceTree = "<group>"; };
		45C28AD629D36F8A00ADACA9 /* ContentView.swift */ = {isa = PBXFileReference; lastKnownFileType = sourcecode.swift; path = ContentView.swift; sourceTree = "<group>"; };
		45C28AD829D36F8B00ADACA9 /* Assets.xcassets */ = {isa = PBXFileReference; lastKnownFileType = folder.assetcatalog; path = Assets.xcassets; sourceTree = "<group>"; };
		45C28ADB29D36F8B00ADACA9 /* Preview Assets.xcassets */ = {isa = PBXFileReference; lastKnownFileType = folder.assetcatalog; path = "Preview Assets.xcassets"; sourceTree = "<group>"; };
		45C28AE329D376C000ADACA9 /* FruitCardView.swift */ = {isa = PBXFileReference; lastKnownFileType = sourcecode.swift; path = FruitCardView.swift; sourceTree = "<group>"; };
		45C28AE629D383D500ADACA9 /* StartButtonView.swift */ = {isa = PBXFileReference; lastKnownFileType = sourcecode.swift; path = StartButtonView.swift; sourceTree = "<group>"; };
		45C28AE829D388D800ADACA9 /* OnBoardingView.swift */ = {isa = PBXFileReference; lastKnownFileType = sourcecode.swift; path = OnBoardingView.swift; sourceTree = "<group>"; };
		45C28AEB29D38B1600ADACA9 /* FruitData.swift */ = {isa = PBXFileReference; lastKnownFileType = sourcecode.swift; path = FruitData.swift; sourceTree = "<group>"; };
		45C28AEE29D38BEE00ADACA9 /* FruitModel.swift */ = {isa = PBXFileReference; lastKnownFileType = sourcecode.swift; path = FruitModel.swift; sourceTree = "<group>"; };
		45C28AF029D3941E00ADACA9 /* FruitRowView.swift */ = {isa = PBXFileReference; lastKnownFileType = sourcecode.swift; path = FruitRowView.swift; sourceTree = "<group>"; };
/* End PBXFileReference section */

/* Begin PBXFrameworksBuildPhase section */
		45C28ACE29D36F8A00ADACA9 /* Frameworks */ = {
			isa = PBXFrameworksBuildPhase;
			buildActionMask = 2147483647;
			files = (
			);
			runOnlyForDeploymentPostprocessing = 0;
		};
/* End PBXFrameworksBuildPhase section */

/* Begin PBXGroup section */
		45C28AC829D36F8A00ADACA9 = {
			isa = PBXGroup;
			children = (
				45C28AD329D36F8A00ADACA9 /* Fruits */,
				45C28AD229D36F8A00ADACA9 /* Products */,
			);
			sourceTree = "<group>";
		};
		45C28AD229D36F8A00ADACA9 /* Products */ = {
			isa = PBXGroup;
			children = (
				45C28AD129D36F8A00ADACA9 /* Fruits.app */,
			);
			name = Products;
			sourceTree = "<group>";
		};
		45C28AD329D36F8A00ADACA9 /* Fruits */ = {
			isa = PBXGroup;
			children = (
				45C28AED29D38BDB00ADACA9 /* Model */,
				45C28AEA29D38AFF00ADACA9 /* Data */,
				45C28AE529D376CB00ADACA9 /* View */,
				45C28AE229D376A100ADACA9 /* App */,
				45C28AD829D36F8B00ADACA9 /* Assets.xcassets */,
				45C28ADA29D36F8B00ADACA9 /* Preview Content */,
			);
			path = Fruits;
			sourceTree = "<group>";
		};
		45C28ADA29D36F8B00ADACA9 /* Preview Content */ = {
			isa = PBXGroup;
			children = (
				45C28ADB29D36F8B00ADACA9 /* Preview Assets.xcassets */,
			);
			path = "Preview Content";
			sourceTree = "<group>";
		};
		45C28AE229D376A100ADACA9 /* App */ = {
			isa = PBXGroup;
			children = (
				45C28AD429D36F8A00ADACA9 /* FruitsApp.swift */,
				45C28AD629D36F8A00ADACA9 /* ContentView.swift */,
				45C28AE829D388D800ADACA9 /* OnBoardingView.swift */,
				454E456129D42C1200BA450C /* FruitDetailView.swift */,
				451956DF29D47E1B008C0299 /* SettingsView.swift */,
			);
			path = App;
			sourceTree = "<group>";
		};
		45C28AE529D376CB00ADACA9 /* View */ = {
			isa = PBXGroup;
			children = (
				45C28AE329D376C000ADACA9 /* FruitCardView.swift */,
				45C28AE629D383D500ADACA9 /* StartButtonView.swift */,
				45C28AF029D3941E00ADACA9 /* FruitRowView.swift */,
				454E456329D42E6400BA450C /* FruitHeaderView.swift */,
				454E456529D434FD00BA450C /* SourceLinkView.swift */,
				454E456829D438DD00BA450C /* FruitNutritionView.swift */,
				451956E129D4828D008C0299 /* SettingsLabelView.swift */,
				451956E329D485E8008C0299 /* SettingsRowView.swift */,
			);
			path = View;
			sourceTree = "<group>";
		};
		45C28AEA29D38AFF00ADACA9 /* Data */ = {
			isa = PBXGroup;
			children = (
				45C28AEB29D38B1600ADACA9 /* FruitData.swift */,
			);
			path = Data;
			sourceTree = "<group>";
		};
		45C28AED29D38BDB00ADACA9 /* Model */ = {
			isa = PBXGroup;
			children = (
				45C28AEE29D38BEE00ADACA9 /* FruitModel.swift */,
			);
			path = Model;
			sourceTree = "<group>";
		};
/* End PBXGroup section */

/* Begin PBXNativeTarget section */
		45C28AD029D36F8A00ADACA9 /* Fruits */ = {
			isa = PBXNativeTarget;
			buildConfigurationList = 45C28ADF29D36F8B00ADACA9 /* Build configuration list for PBXNativeTarget "Fruits" */;
			buildPhases = (
				45C28ACD29D36F8A00ADACA9 /* Sources */,
				45C28ACE29D36F8A00ADACA9 /* Frameworks */,
				45C28ACF29D36F8A00ADACA9 /* Resources */,
			);
			buildRules = (
			);
			dependencies = (
			);
			name = Fruits;
			productName = Fruits;
			productReference = 45C28AD129D36F8A00ADACA9 /* Fruits.app */;
			productType = "com.apple.product-type.application";
		};
/* End PBXNativeTarget section */

/* Begin PBXProject section */
		45C28AC929D36F8A00ADACA9 /* Project object */ = {
			isa = PBXProject;
			attributes = {
				BuildIndependentTargetsInParallel = 1;
				LastSwiftUpdateCheck = 1420;
				LastUpgradeCheck = 1420;
				TargetAttributes = {
					45C28AD029D36F8A00ADACA9 = {
						CreatedOnToolsVersion = 14.2;
					};
				};
			};
			buildConfigurationList = 45C28ACC29D36F8A00ADACA9 /* Build configuration list for PBXProject "Fruits" */;
			compatibilityVersion = "Xcode 14.0";
			developmentRegion = en;
			hasScannedForEncodings = 0;
			knownRegions = (
				en,
				Base,
			);
			mainGroup = 45C28AC829D36F8A00ADACA9;
			productRefGroup = 45C28AD229D36F8A00ADACA9 /* Products */;
			projectDirPath = "";
			projectRoot = "";
			targets = (
				45C28AD029D36F8A00ADACA9 /* Fruits */,
			);
		};
/* End PBXProject section */

/* Begin PBXResourcesBuildPhase section */
		45C28ACF29D36F8A00ADACA9 /* Resources */ = {
			isa = PBXResourcesBuildPhase;
			buildActionMask = 2147483647;
			files = (
				45C28ADC29D36F8B00ADACA9 /* Preview Assets.xcassets in Resources */,
				45C28AD929D36F8B00ADACA9 /* Assets.xcassets in Resources */,
			);
			runOnlyForDeploymentPostprocessing = 0;
		};
/* End PBXResourcesBuildPhase section */

/* Begin PBXSourcesBuildPhase section */
		45C28ACD29D36F8A00ADACA9 /* Sources */ = {
			isa = PBXSourcesBuildPhase;
			buildActionMask = 2147483647;
			files = (
				454E456929D438DD00BA450C /* FruitNutritionView.swift in Sources */,
				45C28AE429D376C000ADACA9 /* FruitCardView.swift in Sources */,
				451956E429D485E8008C0299 /* SettingsRowView.swift in Sources */,
				454E456629D434FD00BA450C /* SourceLinkView.swift in Sources */,
				45C28AEF29D38BEE00ADACA9 /* FruitModel.swift in Sources */,
				45C28AF129D3941E00ADACA9 /* FruitRowView.swift in Sources */,
				45C28AE729D383D500ADACA9 /* StartButtonView.swift in Sources */,
				454E456229D42C1200BA450C /* FruitDetailView.swift in Sources */,
				45C28AEC29D38B1600ADACA9 /* FruitData.swift in Sources */,
				454E456429D42E6400BA450C /* FruitHeaderView.swift in Sources */,
				45C28AD729D36F8A00ADACA9 /* ContentView.swift in Sources */,
				451956E229D4828D008C0299 /* SettingsLabelView.swift in Sources */,
				45C28AE929D388D800ADACA9 /* OnBoardingView.swift in Sources */,
				45C28AD529D36F8A00ADACA9 /* FruitsApp.swift in Sources */,
				451956E029D47E1B008C0299 /* SettingsView.swift in Sources */,
			);
			runOnlyForDeploymentPostprocessing = 0;
		};
/* End PBXSourcesBuildPhase section */

/* Begin XCBuildConfiguration section */
		45C28ADD29D36F8B00ADACA9 /* Debug */ = {
			isa = XCBuildConfiguration;
			buildSettings = {
				ALWAYS_SEARCH_USER_PATHS = NO;
				CLANG_ANALYZER_NONNULL = YES;
				CLANG_ANALYZER_NUMBER_OBJECT_CONVERSION = YES_AGGRESSIVE;
				CLANG_CXX_LANGUAGE_STANDARD = "gnu++20";
				CLANG_ENABLE_MODULES = YES;
				CLANG_ENABLE_OBJC_ARC = YES;
				CLANG_ENABLE_OBJC_WEAK = YES;
				CLANG_WARN_BLOCK_CAPTURE_AUTORELEASING = YES;
				CLANG_WARN_BOOL_CONVERSION = YES;
				CLANG_WARN_COMMA = YES;
				CLANG_WARN_CONSTANT_CONVERSION = YES;
				CLANG_WARN_DEPRECATED_OBJC_IMPLEMENTATIONS = YES;
				CLANG_WARN_DIRECT_OBJC_ISA_USAGE = YES_ERROR;
				CLANG_WARN_DOCUMENTATION_COMMENTS = YES;
				CLANG_WARN_EMPTY_BODY = YES;
				CLANG_WARN_ENUM_CONVERSION = YES;
				CLANG_WARN_INFINITE_RECURSION = YES;
				CLANG_WARN_INT_CONVERSION = YES;
				CLANG_WARN_NON_LITERAL_NULL_CONVERSION = YES;
				CLANG_WARN_OBJC_IMPLICIT_RETAIN_SELF = YES;
				CLANG_WARN_OBJC_LITERAL_CONVERSION = YES;
				CLANG_WARN_OBJC_ROOT_CLASS = YES_ERROR;
				CLANG_WARN_QUOTED_INCLUDE_IN_FRAMEWORK_HEADER = YES;
				CLANG_WARN_RANGE_LOOP_ANALYSIS = YES;
				CLANG_WARN_STRICT_PROTOTYPES = YES;
				CLANG_WARN_SUSPICIOUS_MOVE = YES;
				CLANG_WARN_UNGUARDED_AVAILABILITY = YES_AGGRESSIVE;
				CLANG_WARN_UNREACHABLE_CODE = YES;
				CLANG_WARN__DUPLICATE_METHOD_MATCH = YES;
				COPY_PHASE_STRIP = NO;
				DEBUG_INFORMATION_FORMAT = dwarf;
				ENABLE_STRICT_OBJC_MSGSEND = YES;
				ENABLE_TESTABILITY = YES;
				GCC_C_LANGUAGE_STANDARD = gnu11;
				GCC_DYNAMIC_NO_PIC = NO;
				GCC_NO_COMMON_BLOCKS = YES;
				GCC_OPTIMIZATION_LEVEL = 0;
				GCC_PREPROCESSOR_DEFINITIONS = (
					"DEBUG=1",
					"$(inherited)",
				);
				GCC_WARN_64_TO_32_BIT_CONVERSION = YES;
				GCC_WARN_ABOUT_RETURN_TYPE = YES_ERROR;
				GCC_WARN_UNDECLARED_SELECTOR = YES;
				GCC_WARN_UNINITIALIZED_AUTOS = YES_AGGRESSIVE;
				GCC_WARN_UNUSED_FUNCTION = YES;
				GCC_WARN_UNUSED_VARIABLE = YES;
				IPHONEOS_DEPLOYMENT_TARGET = 16.2;
				MTL_ENABLE_DEBUG_INFO = INCLUDE_SOURCE;
				MTL_FAST_MATH = YES;
				ONLY_ACTIVE_ARCH = YES;
				SDKROOT = iphoneos;
				SWIFT_ACTIVE_COMPILATION_CONDITIONS = DEBUG;
				SWIFT_OPTIMIZATION_LEVEL = "-Onone";
			};
			name = Debug;
		};
		45C28ADE29D36F8B00ADACA9 /* Release */ = {
			isa = XCBuildConfiguration;
			buildSettings = {
				ALWAYS_SEARCH_USER_PATHS = NO;
				CLANG_ANALYZER_NONNULL = YES;
				CLANG_ANALYZER_NUMBER_OBJECT_CONVERSION = YES_AGGRESSIVE;
				CLANG_CXX_LANGUAGE_STANDARD = "gnu++20";
				CLANG_ENABLE_MODULES = YES;
				CLANG_ENABLE_OBJC_ARC = YES;
				CLANG_ENABLE_OBJC_WEAK = YES;
				CLANG_WARN_BLOCK_CAPTURE_AUTORELEASING = YES;
				CLANG_WARN_BOOL_CONVERSION = YES;
				CLANG_WARN_COMMA = YES;
				CLANG_WARN_CONSTANT_CONVERSION = YES;
				CLANG_WARN_DEPRECATED_OBJC_IMPLEMENTATIONS = YES;
				CLANG_WARN_DIRECT_OBJC_ISA_USAGE = YES_ERROR;
				CLANG_WARN_DOCUMENTATION_COMMENTS = YES;
				CLANG_WARN_EMPTY_BODY = YES;
				CLANG_WARN_ENUM_CONVERSION = YES;
				CLANG_WARN_INFINITE_RECURSION = YES;
				CLANG_WARN_INT_CONVERSION = YES;
				CLANG_WARN_NON_LITERAL_NULL_CONVERSION = YES;
				CLANG_WARN_OBJC_IMPLICIT_RETAIN_SELF = YES;
				CLANG_WARN_OBJC_LITERAL_CONVERSION = YES;
				CLANG_WARN_OBJC_ROOT_CLASS = YES_ERROR;
				CLANG_WARN_QUOTED_INCLUDE_IN_FRAMEWORK_HEADER = YES;
				CLANG_WARN_RANGE_LOOP_ANALYSIS = YES;
				CLANG_WARN_STRICT_PROTOTYPES = YES;
				CLANG_WARN_SUSPICIOUS_MOVE = YES;
				CLANG_WARN_UNGUARDED_AVAILABILITY = YES_AGGRESSIVE;
				CLANG_WARN_UNREACHABLE_CODE = YES;
				CLANG_WARN__DUPLICATE_METHOD_MATCH = YES;
				COPY_PHASE_STRIP = NO;
				DEBUG_INFORMATION_FORMAT = "dwarf-with-dsym";
				ENABLE_NS_ASSERTIONS = NO;
				ENABLE_STRICT_OBJC_MSGSEND = YES;
				GCC_C_LANGUAGE_STANDARD = gnu11;
				GCC_NO_COMMON_BLOCKS = YES;
				GCC_WARN_64_TO_32_BIT_CONVERSION = YES;
				GCC_WARN_ABOUT_RETURN_TYPE = YES_ERROR;
				GCC_WARN_UNDECLARED_SELECTOR = YES;
				GCC_WARN_UNINITIALIZED_AUTOS = YES_AGGRESSIVE;
				GCC_WARN_UNUSED_FUNCTION = YES;
				GCC_WARN_UNUSED_VARIABLE = YES;
				IPHONEOS_DEPLOYMENT_TARGET = 16.2;
				MTL_ENABLE_DEBUG_INFO = NO;
				MTL_FAST_MATH = YES;
				SDKROOT = iphoneos;
				SWIFT_COMPILATION_MODE = wholemodule;
				SWIFT_OPTIMIZATION_LEVEL = "-O";
				VALIDATE_PRODUCT = YES;
			};
			name = Release;
		};
		45C28AE029D36F8B00ADACA9 /* Debug */ = {
			isa = XCBuildConfiguration;
			buildSettings = {
				ASSETCATALOG_COMPILER_APPICON_NAME = AppIcon;
				ASSETCATALOG_COMPILER_GLOBAL_ACCENT_COLOR_NAME = AccentColor;
				CODE_SIGN_STYLE = Automatic;
				CURRENT_PROJECT_VERSION = 1;
				DEVELOPMENT_ASSET_PATHS = "\"Fruits/Preview Content\"";
				DEVELOPMENT_TEAM = 5B8MG453Q7;
				ENABLE_PREVIEWS = YES;
				GENERATE_INFOPLIST_FILE = YES;
				INFOPLIST_KEY_UIApplicationSceneManifest_Generation = YES;
				INFOPLIST_KEY_UIApplicationSupportsIndirectInputEvents = YES;
				INFOPLIST_KEY_UILaunchScreen_Generation = YES;
				INFOPLIST_KEY_UISupportedInterfaceOrientations = UIInterfaceOrientationPortrait;
				INFOPLIST_KEY_UISupportedInterfaceOrientations_iPad = "UIInterfaceOrientationPortrait UIInterfaceOrientationPortraitUpsideDown";
				IPHONEOS_DEPLOYMENT_TARGET = 16.0;
				LD_RUNPATH_SEARCH_PATHS = (
					"$(inherited)",
					"@executable_path/Frameworks",
				);
				MARKETING_VERSION = 1.0;
				PRODUCT_BUNDLE_IDENTIFIER = com.gaurangpatel1745.Fruits;
				PRODUCT_NAME = "$(TARGET_NAME)";
				SWIFT_EMIT_LOC_STRINGS = YES;
				SWIFT_VERSION = 5.0;
				TARGETED_DEVICE_FAMILY = "1,2";
			};
			name = Debug;
		};
		45C28AE129D36F8B00ADACA9 /* Release */ = {
			isa = XCBuildConfiguration;
			buildSettings = {
				ASSETCATALOG_COMPILER_APPICON_NAME = AppIcon;
				ASSETCATALOG_COMPILER_GLOBAL_ACCENT_COLOR_NAME = AccentColor;
				CODE_SIGN_STYLE = Automatic;
				CURRENT_PROJECT_VERSION = 1;
				DEVELOPMENT_ASSET_PATHS = "\"Fruits/Preview Content\"";
				DEVELOPMENT_TEAM = 5B8MG453Q7;
				ENABLE_PREVIEWS = YES;
				GENERATE_INFOPLIST_FILE = YES;
				INFOPLIST_KEY_UIApplicationSceneManifest_Generation = YES;
				INFOPLIST_KEY_UIApplicationSupportsIndirectInputEvents = YES;
				INFOPLIST_KEY_UILaunchScreen_Generation = YES;
				INFOPLIST_KEY_UISupportedInterfaceOrientations = UIInterfaceOrientationPortrait;
				INFOPLIST_KEY_UISupportedInterfaceOrientations_iPad = "UIInterfaceOrientationPortrait UIInterfaceOrientationPortraitUpsideDown";
				IPHONEOS_DEPLOYMENT_TARGET = 16.0;
				LD_RUNPATH_SEARCH_PATHS = (
					"$(inherited)",
					"@executable_path/Frameworks",
				);
				MARKETING_VERSION = 1.0;
				PRODUCT_BUNDLE_IDENTIFIER = com.gaurangpatel1745.Fruits;
				PRODUCT_NAME = "$(TARGET_NAME)";
				SWIFT_EMIT_LOC_STRINGS = YES;
				SWIFT_VERSION = 5.0;
				TARGETED_DEVICE_FAMILY = "1,2";
			};
			name = Release;
		};
/* End XCBuildConfiguration section */

/* Begin XCConfigurationList section */
		45C28ACC29D36F8A00ADACA9 /* Build configuration list for PBXProject "Fruits" */ = {
			isa = XCConfigurationList;
			buildConfigurations = (
				45C28ADD29D36F8B00ADACA9 /* Debug */,
				45C28ADE29D36F8B00ADACA9 /* Release */,
			);
			defaultConfigurationIsVisible = 0;
			defaultConfigurationName = Release;
		};
		45C28ADF29D36F8B00ADACA9 /* Build configuration list for PBXNativeTarget "Fruits" */ = {
			isa = XCConfigurationList;
			buildConfigurations = (
				45C28AE029D36F8B00ADACA9 /* Debug */,
				45C28AE129D36F8B00ADACA9 /* Release */,
			);
			defaultConfigurationIsVisible = 0;
			defaultConfigurationName = Release;
		};
/* End XCConfigurationList section */
	};
	rootObject = 45C28AC929D36F8A00ADACA9 /* Project object */;
}
